
Microsoft Visual Studio Solution File, Format Version 12.00
# Visual Studio 14
VisualStudioVersion = 14.0.25420.1
MinimumVisualStudioVersion = 10.0.40219.1
Project("{2150E333-8FDC-42A3-9474-1A3956D46DE8}") = "01- Presentation", "01- Presentation", "{4E99CCEB-AD73-4A73-AA5B-544FDFE3932E}"
EndProject
Project("{2150E333-8FDC-42A3-9474-1A3956D46DE8}") = "03- Domain", "03- Domain", "{3DC53C3D-A56D-4F91-8AA1-271A64ABDDAB}"
EndProject
Project("{2150E333-8FDC-42A3-9474-1A3956D46DE8}") = "02- Application", "02- Application", "{4A7AEE39-0586-4430-B3EE-AB9B542E8570}"
EndProject
Project("{2150E333-8FDC-42A3-9474-1A3956D46DE8}") = "06- Common", "06- Common", "{17E05D83-5C93-42B3-A84E-3B88C135DB47}"
EndProject
Project("{2150E333-8FDC-42A3-9474-1A3956D46DE8}") = "05- Tools", "05- Tools", "{2D6A22A0-C3CD-41B1-A636-0DAA5BDE2A87}"
EndProject
Project("{2150E333-8FDC-42A3-9474-1A3956D46DE8}") = "API", "API", "{080F289E-5B25-4A3D-90B6-ACF12DA1D6D1}"
EndProject
Project("{2150E333-8FDC-42A3-9474-1A3956D46DE8}") = "WCF", "WCF", "{2F3D7D88-A51F-4C2B-A4A8-4B23E2A96F00}"
EndProject
Project("{2150E333-8FDC-42A3-9474-1A3956D46DE8}") = "v1", "v1", "{91FBD9BC-72ED-4512-93D5-4511E938AD76}"
EndProject
Project("{2150E333-8FDC-42A3-9474-1A3956D46DE8}") = "Rabbit Mq", "Rabbit Mq", "{9AE28CA2-2FCB-445B-82DE-9920824EB6D1}"
EndProject
Project("{2150E333-8FDC-42A3-9474-1A3956D46DE8}") = "UI", "UI", "{2163D8FB-265A-4487-A512-9B295896EF1A}"
EndProject
Project("{2150E333-8FDC-42A3-9474-1A3956D46DE8}") = "04- DataAccess", "04- DataAccess", "{5CD6704F-00D3-472F-B239-CF2904844B46}"
EndProject
Project("{2150E333-8FDC-42A3-9474-1A3956D46DE8}") = "07- Database", "07- Database", "{0B0D3A4C-DCD4-48C8-9413-698654BED5D0}"
EndProject
Project("{2150E333-8FDC-42A3-9474-1A3956D46DE8}") = ".nuget", ".nuget", "{9E586EA2-462A-4C71-898A-74BDEA22A70D}"
	ProjectSection(SolutionItems) = preProject
		.nuget\NuGet.Config = .nuget\NuGet.Config
		.nuget\NuGet.exe = .nuget\NuGet.exe
		.nuget\NuGet.targets = .nuget\NuGet.targets
	EndProjectSection
EndProject
Project("{FAE04EC0-301F-11D3-BF4B-00C04F79EFBC}") = "RabbitMQ.Receiver", "src\05 Tools\Rabbit Mq\RabbitMQ.Receiver\RabbitMQ.Receiver.csproj", "{02346471-CE95-4C4E-9616-37978A6667C1}"
EndProject
Project("{FAE04EC0-301F-11D3-BF4B-00C04F79EFBC}") = "RabbitMQ.Sender", "src\05 Tools\Rabbit Mq\RabbitMq.Sender\RabbitMQ.Sender.csproj", "{F43F585C-5C47-4A9C-9DA5-5BC8522C5572}"
EndProject
Project("{FAE04EC0-301F-11D3-BF4B-00C04F79EFBC}") = "SQLProvider", "src\04 DataAccess\SqlProvider\SQLProvider.csproj", "{0709EDE6-1CCB-44A1-8F80-4E2C85C2320E}"
EndProject
Project("{FAE04EC0-301F-11D3-BF4B-00C04F79EFBC}") = "MongoProvider", "src\04 DataAccess\MongoProvider\MongoProvider.csproj", "{B160F390-1396-4F2A-9A8E-96B7920408CD}"
EndProject
Project("{FAE04EC0-301F-11D3-BF4B-00C04F79EFBC}") = "Domain", "src\03 Domain\Domain\Domain.csproj", "{9442DB49-5926-45FE-AA55-4D6C0CAFB8FC}"
EndProject
Project("{FAE04EC0-301F-11D3-BF4B-00C04F79EFBC}") = "Services", "src\02 Application\Services\Services.csproj", "{1492E83B-D25C-4A04-B33C-2D7138880F34}"
EndProject
Project("{FAE04EC0-301F-11D3-BF4B-00C04F79EFBC}") = "Wcf", "src\01 Presentation\WCF\Wcf\Wcf.csproj", "{57D7D8F0-3521-469D-96AC-596675E7CB11}"
EndProject
Project("{FAE04EC0-301F-11D3-BF4B-00C04F79EFBC}") = "Mvc", "src\01 Presentation\UI\Mvc\Mvc.csproj", "{49B28E79-2C82-4B6E-A9A9-C4ED7BFE7CC0}"
EndProject
Project("{FAE04EC0-301F-11D3-BF4B-00C04F79EFBC}") = "Wcf.Sharepoint", "src\01 Presentation\WCF\Wcf.Sharepoint\Wcf.Sharepoint.csproj", "{A9AAB6C6-904C-4206-860F-A8439E9AFE94}"
EndProject
Project("{FAE04EC0-301F-11D3-BF4B-00C04F79EFBC}") = "Services.Abstract", "src\02 Application\Services.Abstract\Services.Abstract.csproj", "{9B354A55-2EBE-4D54-9F1F-A2ACEA4C68F3}"
EndProject
Project("{FAE04EC0-301F-11D3-BF4B-00C04F79EFBC}") = "Domain.Abstract", "src\03 Domain\Domain.Abstract\Domain.Abstract.csproj", "{8BBB2C28-E01C-445A-AA37-43D2ECCE01BE}"
EndProject
Project("{FAE04EC0-301F-11D3-BF4B-00C04F79EFBC}") = "MongoFillingService", "src\05 Tools\MongoFillingService\MongoFillingService.csproj", "{F8C2D2F3-3AC4-4B70-9E9A-BB960B84B69D}"
EndProject
Project("{FAE04EC0-301F-11D3-BF4B-00C04F79EFBC}") = "Common", "src\06 Common\Common\Common.csproj", "{8A6FDCC3-874E-4423-935D-BC1BDDF8688D}"
EndProject
Project("{FAE04EC0-301F-11D3-BF4B-00C04F79EFBC}") = "FileAccessProvider", "src\06 Common\FileAccessProvider\FileAccessProvider.csproj", "{A9ADCF47-26B3-4D42-9FE8-8D10E7665342}"
EndProject
Project("{FAE04EC0-301F-11D3-BF4B-00C04F79EFBC}") = "WebApi", "src\01 Presentation\API\v1\WebApi\WebApi.csproj", "{553CA424-EE2A-400C-AB54-8087A04F82BF}"
EndProject
Project("{00D1A9C2-B5F0-4AF3-8072-F6C62B433612}") = "Database_Development", "Database_Development\Database_Development.sqlproj", "{80055F45-B702-4661-B375-7485DD51B067}"
EndProject
Project("{FAE04EC0-301F-11D3-BF4B-00C04F79EFBC}") = "MyDiary.WebApi.Proxy", "MyDiary.WebApi.Proxy\MyDiary.WebApi.Proxy.csproj", "{F3A09318-4FEC-4259-AACC-FFA7A6AA945D}"
EndProject
Project("{FAE04EC0-301F-11D3-BF4B-00C04F79EFBC}") = "MyDairy.ODataApi.Proxy", "MyDairy.ODataApi.Proxy\MyDairy.ODataApi.Proxy.csproj", "{A1EC9BC2-8597-4773-9512-9126611C4872}"
EndProject
Project("{FAE04EC0-301F-11D3-BF4B-00C04F79EFBC}") = "Learning", "Learning\Learning.csproj", "{DC6EE286-45A5-4C4A-A4E0-6F6AC3FE801C}"
EndProject
Global
	GlobalSection(SolutionConfigurationPlatforms) = preSolution
		Debug|Any CPU = Debug|Any CPU
		Debug|Mixed Platforms = Debug|Mixed Platforms
		Debug|Win32 = Debug|Win32
		Release|Any CPU = Release|Any CPU
		Release|Mixed Platforms = Release|Mixed Platforms
		Release|Win32 = Release|Win32
	EndGlobalSection
	GlobalSection(ProjectConfigurationPlatforms) = postSolution
		{02346471-CE95-4C4E-9616-37978A6667C1}.Debug|Any CPU.ActiveCfg = Debug|Any CPU
		{02346471-CE95-4C4E-9616-37978A6667C1}.Debug|Any CPU.Build.0 = Debug|Any CPU
		{02346471-CE95-4C4E-9616-37978A6667C1}.Debug|Mixed Platforms.ActiveCfg = Debug|Any CPU
		{02346471-CE95-4C4E-9616-37978A6667C1}.Debug|Mixed Platforms.Build.0 = Debug|Any CPU
		{02346471-CE95-4C4E-9616-37978A6667C1}.Debug|Win32.ActiveCfg = Debug|Any CPU
		{02346471-CE95-4C4E-9616-37978A6667C1}.Release|Any CPU.ActiveCfg = Release|Any CPU
		{02346471-CE95-4C4E-9616-37978A6667C1}.Release|Any CPU.Build.0 = Release|Any CPU
		{02346471-CE95-4C4E-9616-37978A6667C1}.Release|Mixed Platforms.ActiveCfg = Release|Any CPU
		{02346471-CE95-4C4E-9616-37978A6667C1}.Release|Mixed Platforms.Build.0 = Release|Any CPU
		{02346471-CE95-4C4E-9616-37978A6667C1}.Release|Win32.ActiveCfg = Release|Any CPU
		{F43F585C-5C47-4A9C-9DA5-5BC8522C5572}.Debug|Any CPU.ActiveCfg = Debug|Any CPU
		{F43F585C-5C47-4A9C-9DA5-5BC8522C5572}.Debug|Any CPU.Build.0 = Debug|Any CPU
		{F43F585C-5C47-4A9C-9DA5-5BC8522C5572}.Debug|Mixed Platforms.ActiveCfg = Debug|Any CPU
		{F43F585C-5C47-4A9C-9DA5-5BC8522C5572}.Debug|Mixed Platforms.Build.0 = Debug|Any CPU
		{F43F585C-5C47-4A9C-9DA5-5BC8522C5572}.Debug|Win32.ActiveCfg = Debug|Any CPU
		{F43F585C-5C47-4A9C-9DA5-5BC8522C5572}.Release|Any CPU.ActiveCfg = Release|Any CPU
		{F43F585C-5C47-4A9C-9DA5-5BC8522C5572}.Release|Any CPU.Build.0 = Release|Any CPU
		{F43F585C-5C47-4A9C-9DA5-5BC8522C5572}.Release|Mixed Platforms.ActiveCfg = Release|Any CPU
		{F43F585C-5C47-4A9C-9DA5-5BC8522C5572}.Release|Mixed Platforms.Build.0 = Release|Any CPU
		{F43F585C-5C47-4A9C-9DA5-5BC8522C5572}.Release|Win32.ActiveCfg = Release|Any CPU
		{0709EDE6-1CCB-44A1-8F80-4E2C85C2320E}.Debug|Any CPU.ActiveCfg = Debug|Any CPU
		{0709EDE6-1CCB-44A1-8F80-4E2C85C2320E}.Debug|Any CPU.Build.0 = Debug|Any CPU
		{0709EDE6-1CCB-44A1-8F80-4E2C85C2320E}.Debug|Mixed Platforms.ActiveCfg = Debug|Any CPU
		{0709EDE6-1CCB-44A1-8F80-4E2C85C2320E}.Debug|Mixed Platforms.Build.0 = Debug|Any CPU
		{0709EDE6-1CCB-44A1-8F80-4E2C85C2320E}.Debug|Win32.ActiveCfg = Debug|Any CPU
		{0709EDE6-1CCB-44A1-8F80-4E2C85C2320E}.Release|Any CPU.ActiveCfg = Release|Any CPU
		{0709EDE6-1CCB-44A1-8F80-4E2C85C2320E}.Release|Any CPU.Build.0 = Release|Any CPU
		{0709EDE6-1CCB-44A1-8F80-4E2C85C2320E}.Release|Mixed Platforms.ActiveCfg = Release|Any CPU
		{0709EDE6-1CCB-44A1-8F80-4E2C85C2320E}.Release|Mixed Platforms.Build.0 = Release|Any CPU
		{0709EDE6-1CCB-44A1-8F80-4E2C85C2320E}.Release|Win32.ActiveCfg = Release|Any CPU
		{B160F390-1396-4F2A-9A8E-96B7920408CD}.Debug|Any CPU.ActiveCfg = Debug|Any CPU
		{B160F390-1396-4F2A-9A8E-96B7920408CD}.Debug|Any CPU.Build.0 = Debug|Any CPU
		{B160F390-1396-4F2A-9A8E-96B7920408CD}.Debug|Mixed Platforms.ActiveCfg = Debug|Any CPU
		{B160F390-1396-4F2A-9A8E-96B7920408CD}.Debug|Mixed Platforms.Build.0 = Debug|Any CPU
		{B160F390-1396-4F2A-9A8E-96B7920408CD}.Debug|Win32.ActiveCfg = Debug|Any CPU
		{B160F390-1396-4F2A-9A8E-96B7920408CD}.Release|Any CPU.ActiveCfg = Release|Any CPU
		{B160F390-1396-4F2A-9A8E-96B7920408CD}.Release|Any CPU.Build.0 = Release|Any CPU
		{B160F390-1396-4F2A-9A8E-96B7920408CD}.Release|Mixed Platforms.ActiveCfg = Release|Any CPU
		{B160F390-1396-4F2A-9A8E-96B7920408CD}.Release|Mixed Platforms.Build.0 = Release|Any CPU
		{B160F390-1396-4F2A-9A8E-96B7920408CD}.Release|Win32.ActiveCfg = Release|Any CPU
		{9442DB49-5926-45FE-AA55-4D6C0CAFB8FC}.Debug|Any CPU.ActiveCfg = Debug|Any CPU
		{9442DB49-5926-45FE-AA55-4D6C0CAFB8FC}.Debug|Any CPU.Build.0 = Debug|Any CPU
		{9442DB49-5926-45FE-AA55-4D6C0CAFB8FC}.Debug|Mixed Platforms.ActiveCfg = Debug|Any CPU
		{9442DB49-5926-45FE-AA55-4D6C0CAFB8FC}.Debug|Mixed Platforms.Build.0 = Debug|Any CPU
		{9442DB49-5926-45FE-AA55-4D6C0CAFB8FC}.Debug|Win32.ActiveCfg = Debug|Any CPU
		{9442DB49-5926-45FE-AA55-4D6C0CAFB8FC}.Release|Any CPU.ActiveCfg = Release|Any CPU
		{9442DB49-5926-45FE-AA55-4D6C0CAFB8FC}.Release|Any CPU.Build.0 = Release|Any CPU
		{9442DB49-5926-45FE-AA55-4D6C0CAFB8FC}.Release|Mixed Platforms.ActiveCfg = Release|Any CPU
		{9442DB49-5926-45FE-AA55-4D6C0CAFB8FC}.Release|Mixed Platforms.Build.0 = Release|Any CPU
		{9442DB49-5926-45FE-AA55-4D6C0CAFB8FC}.Release|Win32.ActiveCfg = Release|Any CPU
		{1492E83B-D25C-4A04-B33C-2D7138880F34}.Debug|Any CPU.ActiveCfg = Debug|Any CPU
		{1492E83B-D25C-4A04-B33C-2D7138880F34}.Debug|Any CPU.Build.0 = Debug|Any CPU
		{1492E83B-D25C-4A04-B33C-2D7138880F34}.Debug|Mixed Platforms.ActiveCfg = Debug|Any CPU
		{1492E83B-D25C-4A04-B33C-2D7138880F34}.Debug|Mixed Platforms.Build.0 = Debug|Any CPU
		{1492E83B-D25C-4A04-B33C-2D7138880F34}.Debug|Win32.ActiveCfg = Debug|Any CPU
		{1492E83B-D25C-4A04-B33C-2D7138880F34}.Release|Any CPU.ActiveCfg = Release|Any CPU
		{1492E83B-D25C-4A04-B33C-2D7138880F34}.Release|Any CPU.Build.0 = Release|Any CPU
		{1492E83B-D25C-4A04-B33C-2D7138880F34}.Release|Mixed Platforms.ActiveCfg = Release|Any CPU
		{1492E83B-D25C-4A04-B33C-2D7138880F34}.Release|Mixed Platforms.Build.0 = Release|Any CPU
		{1492E83B-D25C-4A04-B33C-2D7138880F34}.Release|Win32.ActiveCfg = Release|Any CPU
		{57D7D8F0-3521-469D-96AC-596675E7CB11}.Debug|Any CPU.ActiveCfg = Debug|Any CPU
		{57D7D8F0-3521-469D-96AC-596675E7CB11}.Debug|Any CPU.Build.0 = Debug|Any CPU
		{57D7D8F0-3521-469D-96AC-596675E7CB11}.Debug|Mixed Platforms.ActiveCfg = Debug|Any CPU
		{57D7D8F0-3521-469D-96AC-596675E7CB11}.Debug|Mixed Platforms.Build.0 = Debug|Any CPU
		{57D7D8F0-3521-469D-96AC-596675E7CB11}.Debug|Win32.ActiveCfg = Debug|Any CPU
		{57D7D8F0-3521-469D-96AC-596675E7CB11}.Release|Any CPU.ActiveCfg = Release|Any CPU
		{57D7D8F0-3521-469D-96AC-596675E7CB11}.Release|Any CPU.Build.0 = Release|Any CPU
		{57D7D8F0-3521-469D-96AC-596675E7CB11}.Release|Mixed Platforms.ActiveCfg = Release|Any CPU
		{57D7D8F0-3521-469D-96AC-596675E7CB11}.Release|Mixed Platforms.Build.0 = Release|Any CPU
		{57D7D8F0-3521-469D-96AC-596675E7CB11}.Release|Win32.ActiveCfg = Release|Any CPU
		{49B28E79-2C82-4B6E-A9A9-C4ED7BFE7CC0}.Debug|Any CPU.ActiveCfg = Debug|Any CPU
		{49B28E79-2C82-4B6E-A9A9-C4ED7BFE7CC0}.Debug|Any CPU.Build.0 = Debug|Any CPU
		{49B28E79-2C82-4B6E-A9A9-C4ED7BFE7CC0}.Debug|Mixed Platforms.ActiveCfg = Debug|Any CPU
		{49B28E79-2C82-4B6E-A9A9-C4ED7BFE7CC0}.Debug|Mixed Platforms.Build.0 = Debug|Any CPU
		{49B28E79-2C82-4B6E-A9A9-C4ED7BFE7CC0}.Debug|Win32.ActiveCfg = Debug|Any CPU
		{49B28E79-2C82-4B6E-A9A9-C4ED7BFE7CC0}.Release|Any CPU.ActiveCfg = Release|Any CPU
		{49B28E79-2C82-4B6E-A9A9-C4ED7BFE7CC0}.Release|Any CPU.Build.0 = Release|Any CPU
		{49B28E79-2C82-4B6E-A9A9-C4ED7BFE7CC0}.Release|Mixed Platforms.ActiveCfg = Release|Any CPU
		{49B28E79-2C82-4B6E-A9A9-C4ED7BFE7CC0}.Release|Mixed Platforms.Build.0 = Release|Any CPU
		{49B28E79-2C82-4B6E-A9A9-C4ED7BFE7CC0}.Release|Win32.ActiveCfg = Release|Any CPU
		{A9AAB6C6-904C-4206-860F-A8439E9AFE94}.Debug|Any CPU.ActiveCfg = Debug|Any CPU
		{A9AAB6C6-904C-4206-860F-A8439E9AFE94}.Debug|Any CPU.Build.0 = Debug|Any CPU
		{A9AAB6C6-904C-4206-860F-A8439E9AFE94}.Debug|Mixed Platforms.ActiveCfg = Debug|Any CPU
		{A9AAB6C6-904C-4206-860F-A8439E9AFE94}.Debug|Mixed Platforms.Build.0 = Debug|Any CPU
		{A9AAB6C6-904C-4206-860F-A8439E9AFE94}.Debug|Win32.ActiveCfg = Debug|Any CPU
		{A9AAB6C6-904C-4206-860F-A8439E9AFE94}.Release|Any CPU.ActiveCfg = Release|Any CPU
		{A9AAB6C6-904C-4206-860F-A8439E9AFE94}.Release|Any CPU.Build.0 = Release|Any CPU
		{A9AAB6C6-904C-4206-860F-A8439E9AFE94}.Release|Mixed Platforms.ActiveCfg = Release|Any CPU
		{A9AAB6C6-904C-4206-860F-A8439E9AFE94}.Release|Mixed Platforms.Build.0 = Release|Any CPU
		{A9AAB6C6-904C-4206-860F-A8439E9AFE94}.Release|Win32.ActiveCfg = Release|Any CPU
		{9B354A55-2EBE-4D54-9F1F-A2ACEA4C68F3}.Debug|Any CPU.ActiveCfg = Debug|Any CPU
		{9B354A55-2EBE-4D54-9F1F-A2ACEA4C68F3}.Debug|Any CPU.Build.0 = Debug|Any CPU
		{9B354A55-2EBE-4D54-9F1F-A2ACEA4C68F3}.Debug|Mixed Platforms.ActiveCfg = Debug|Any CPU
		{9B354A55-2EBE-4D54-9F1F-A2ACEA4C68F3}.Debug|Mixed Platforms.Build.0 = Debug|Any CPU
		{9B354A55-2EBE-4D54-9F1F-A2ACEA4C68F3}.Debug|Win32.ActiveCfg = Debug|Any CPU
		{9B354A55-2EBE-4D54-9F1F-A2ACEA4C68F3}.Release|Any CPU.ActiveCfg = Release|Any CPU
		{9B354A55-2EBE-4D54-9F1F-A2ACEA4C68F3}.Release|Any CPU.Build.0 = Release|Any CPU
		{9B354A55-2EBE-4D54-9F1F-A2ACEA4C68F3}.Release|Mixed Platforms.ActiveCfg = Release|Any CPU
		{9B354A55-2EBE-4D54-9F1F-A2ACEA4C68F3}.Release|Mixed Platforms.Build.0 = Release|Any CPU
		{9B354A55-2EBE-4D54-9F1F-A2ACEA4C68F3}.Release|Win32.ActiveCfg = Release|Any CPU
		{8BBB2C28-E01C-445A-AA37-43D2ECCE01BE}.Debug|Any CPU.ActiveCfg = Debug|Any CPU
		{8BBB2C28-E01C-445A-AA37-43D2ECCE01BE}.Debug|Any CPU.Build.0 = Debug|Any CPU
		{8BBB2C28-E01C-445A-AA37-43D2ECCE01BE}.Debug|Mixed Platforms.ActiveCfg = Debug|Any CPU
		{8BBB2C28-E01C-445A-AA37-43D2ECCE01BE}.Debug|Mixed Platforms.Build.0 = Debug|Any CPU
		{8BBB2C28-E01C-445A-AA37-43D2ECCE01BE}.Debug|Win32.ActiveCfg = Debug|Any CPU
		{8BBB2C28-E01C-445A-AA37-43D2ECCE01BE}.Release|Any CPU.ActiveCfg = Release|Any CPU
		{8BBB2C28-E01C-445A-AA37-43D2ECCE01BE}.Release|Any CPU.Build.0 = Release|Any CPU
		{8BBB2C28-E01C-445A-AA37-43D2ECCE01BE}.Release|Mixed Platforms.ActiveCfg = Release|Any CPU
		{8BBB2C28-E01C-445A-AA37-43D2ECCE01BE}.Release|Mixed Platforms.Build.0 = Release|Any CPU
		{8BBB2C28-E01C-445A-AA37-43D2ECCE01BE}.Release|Win32.ActiveCfg = Release|Any CPU
		{F8C2D2F3-3AC4-4B70-9E9A-BB960B84B69D}.Debug|Any CPU.ActiveCfg = Debug|Any CPU
		{F8C2D2F3-3AC4-4B70-9E9A-BB960B84B69D}.Debug|Any CPU.Build.0 = Debug|Any CPU
		{F8C2D2F3-3AC4-4B70-9E9A-BB960B84B69D}.Debug|Mixed Platforms.ActiveCfg = Debug|Any CPU
		{F8C2D2F3-3AC4-4B70-9E9A-BB960B84B69D}.Debug|Mixed Platforms.Build.0 = Debug|Any CPU
		{F8C2D2F3-3AC4-4B70-9E9A-BB960B84B69D}.Debug|Win32.ActiveCfg = Debug|Any CPU
		{F8C2D2F3-3AC4-4B70-9E9A-BB960B84B69D}.Release|Any CPU.ActiveCfg = Release|Any CPU
		{F8C2D2F3-3AC4-4B70-9E9A-BB960B84B69D}.Release|Any CPU.Build.0 = Release|Any CPU
		{F8C2D2F3-3AC4-4B70-9E9A-BB960B84B69D}.Release|Mixed Platforms.ActiveCfg = Release|Any CPU
		{F8C2D2F3-3AC4-4B70-9E9A-BB960B84B69D}.Release|Mixed Platforms.Build.0 = Release|Any CPU
		{F8C2D2F3-3AC4-4B70-9E9A-BB960B84B69D}.Release|Win32.ActiveCfg = Release|Any CPU
		{8A6FDCC3-874E-4423-935D-BC1BDDF8688D}.Debug|Any CPU.ActiveCfg = Debug|Any CPU
		{8A6FDCC3-874E-4423-935D-BC1BDDF8688D}.Debug|Any CPU.Build.0 = Debug|Any CPU
		{8A6FDCC3-874E-4423-935D-BC1BDDF8688D}.Debug|Mixed Platforms.ActiveCfg = Debug|Any CPU
		{8A6FDCC3-874E-4423-935D-BC1BDDF8688D}.Debug|Mixed Platforms.Build.0 = Debug|Any CPU
		{8A6FDCC3-874E-4423-935D-BC1BDDF8688D}.Debug|Win32.ActiveCfg = Debug|Any CPU
		{8A6FDCC3-874E-4423-935D-BC1BDDF8688D}.Release|Any CPU.ActiveCfg = Release|Any CPU
		{8A6FDCC3-874E-4423-935D-BC1BDDF8688D}.Release|Any CPU.Build.0 = Release|Any CPU
		{8A6FDCC3-874E-4423-935D-BC1BDDF8688D}.Release|Mixed Platforms.ActiveCfg = Release|Any CPU
		{8A6FDCC3-874E-4423-935D-BC1BDDF8688D}.Release|Mixed Platforms.Build.0 = Release|Any CPU
		{8A6FDCC3-874E-4423-935D-BC1BDDF8688D}.Release|Win32.ActiveCfg = Release|Any CPU
		{A9ADCF47-26B3-4D42-9FE8-8D10E7665342}.Debug|Any CPU.ActiveCfg = Debug|Any CPU
		{A9ADCF47-26B3-4D42-9FE8-8D10E7665342}.Debug|Any CPU.Build.0 = Debug|Any CPU
		{A9ADCF47-26B3-4D42-9FE8-8D10E7665342}.Debug|Mixed Platforms.ActiveCfg = Debug|Any CPU
		{A9ADCF47-26B3-4D42-9FE8-8D10E7665342}.Debug|Mixed Platforms.Build.0 = Debug|Any CPU
		{A9ADCF47-26B3-4D42-9FE8-8D10E7665342}.Debug|Win32.ActiveCfg = Debug|Any CPU
		{A9ADCF47-26B3-4D42-9FE8-8D10E7665342}.Release|Any CPU.ActiveCfg = Release|Any CPU
		{A9ADCF47-26B3-4D42-9FE8-8D10E7665342}.Release|Any CPU.Build.0 = Release|Any CPU
		{A9ADCF47-26B3-4D42-9FE8-8D10E7665342}.Release|Mixed Platforms.ActiveCfg = Release|Any CPU
		{A9ADCF47-26B3-4D42-9FE8-8D10E7665342}.Release|Mixed Platforms.Build.0 = Release|Any CPU
		{A9ADCF47-26B3-4D42-9FE8-8D10E7665342}.Release|Win32.ActiveCfg = Release|Any CPU
		{553CA424-EE2A-400C-AB54-8087A04F82BF}.Debug|Any CPU.ActiveCfg = Debug|Any CPU
		{553CA424-EE2A-400C-AB54-8087A04F82BF}.Debug|Any CPU.Build.0 = Debug|Any CPU
		{553CA424-EE2A-400C-AB54-8087A04F82BF}.Debug|Mixed Platforms.ActiveCfg = Debug|Any CPU
		{553CA424-EE2A-400C-AB54-8087A04F82BF}.Debug|Mixed Platforms.Build.0 = Debug|Any CPU
		{553CA424-EE2A-400C-AB54-8087A04F82BF}.Debug|Win32.ActiveCfg = Debug|Any CPU
		{553CA424-EE2A-400C-AB54-8087A04F82BF}.Release|Any CPU.ActiveCfg = Release|Any CPU
		{553CA424-EE2A-400C-AB54-8087A04F82BF}.Release|Any CPU.Build.0 = Release|Any CPU
		{553CA424-EE2A-400C-AB54-8087A04F82BF}.Release|Mixed Platforms.ActiveCfg = Release|Any CPU
		{553CA424-EE2A-400C-AB54-8087A04F82BF}.Release|Mixed Platforms.Build.0 = Release|Any CPU
		{553CA424-EE2A-400C-AB54-8087A04F82BF}.Release|Win32.ActiveCfg = Release|Any CPU
		{80055F45-B702-4661-B375-7485DD51B067}.Debug|Any CPU.ActiveCfg = Debug|Any CPU
		{80055F45-B702-4661-B375-7485DD51B067}.Debug|Any CPU.Build.0 = Debug|Any CPU
		{80055F45-B702-4661-B375-7485DD51B067}.Debug|Any CPU.Deploy.0 = Debug|Any CPU
		{80055F45-B702-4661-B375-7485DD51B067}.Debug|Mixed Platforms.ActiveCfg = Debug|Any CPU
		{80055F45-B702-4661-B375-7485DD51B067}.Debug|Mixed Platforms.Build.0 = Debug|Any CPU
		{80055F45-B702-4661-B375-7485DD51B067}.Debug|Mixed Platforms.Deploy.0 = Debug|Any CPU
		{80055F45-B702-4661-B375-7485DD51B067}.Debug|Win32.ActiveCfg = Debug|Any CPU
		{80055F45-B702-4661-B375-7485DD51B067}.Release|Any CPU.ActiveCfg = Release|Any CPU
		{80055F45-B702-4661-B375-7485DD51B067}.Release|Any CPU.Build.0 = Release|Any CPU
		{80055F45-B702-4661-B375-7485DD51B067}.Release|Any CPU.Deploy.0 = Release|Any CPU
		{80055F45-B702-4661-B375-7485DD51B067}.Release|Mixed Platforms.ActiveCfg = Release|Any CPU
		{80055F45-B702-4661-B375-7485DD51B067}.Release|Mixed Platforms.Build.0 = Release|Any CPU
		{80055F45-B702-4661-B375-7485DD51B067}.Release|Mixed Platforms.Deploy.0 = Release|Any CPU
		{80055F45-B702-4661-B375-7485DD51B067}.Release|Win32.ActiveCfg = Release|Any CPU
		{F3A09318-4FEC-4259-AACC-FFA7A6AA945D}.Debug|Any CPU.ActiveCfg = Debug|Any CPU
		{F3A09318-4FEC-4259-AACC-FFA7A6AA945D}.Debug|Any CPU.Build.0 = Debug|Any CPU
		{F3A09318-4FEC-4259-AACC-FFA7A6AA945D}.Debug|Mixed Platforms.ActiveCfg = Debug|Any CPU
		{F3A09318-4FEC-4259-AACC-FFA7A6AA945D}.Debug|Mixed Platforms.Build.0 = Debug|Any CPU
		{F3A09318-4FEC-4259-AACC-FFA7A6AA945D}.Debug|Win32.ActiveCfg = Debug|Any CPU
		{F3A09318-4FEC-4259-AACC-FFA7A6AA945D}.Release|Any CPU.ActiveCfg = Release|Any CPU
		{F3A09318-4FEC-4259-AACC-FFA7A6AA945D}.Release|Any CPU.Build.0 = Release|Any CPU
		{F3A09318-4FEC-4259-AACC-FFA7A6AA945D}.Release|Mixed Platforms.ActiveCfg = Release|Any CPU
		{F3A09318-4FEC-4259-AACC-FFA7A6AA945D}.Release|Mixed Platforms.Build.0 = Release|Any CPU
		{F3A09318-4FEC-4259-AACC-FFA7A6AA945D}.Release|Win32.ActiveCfg = Release|Any CPU
		{A1EC9BC2-8597-4773-9512-9126611C4872}.Debug|Any CPU.ActiveCfg = Debug|Any CPU
		{A1EC9BC2-8597-4773-9512-9126611C4872}.Debug|Any CPU.Build.0 = Debug|Any CPU
		{A1EC9BC2-8597-4773-9512-9126611C4872}.Debug|Mixed Platforms.ActiveCfg = Debug|Any CPU
		{A1EC9BC2-8597-4773-9512-9126611C4872}.Debug|Mixed Platforms.Build.0 = Debug|Any CPU
		{A1EC9BC2-8597-4773-9512-9126611C4872}.Debug|Win32.ActiveCfg = Debug|Any CPU
		{A1EC9BC2-8597-4773-9512-9126611C4872}.Release|Any CPU.ActiveCfg = Release|Any CPU
		{A1EC9BC2-8597-4773-9512-9126611C4872}.Release|Any CPU.Build.0 = Release|Any CPU
		{A1EC9BC2-8597-4773-9512-9126611C4872}.Release|Mixed Platforms.ActiveCfg = Release|Any CPU
		{A1EC9BC2-8597-4773-9512-9126611C4872}.Release|Mixed Platforms.Build.0 = Release|Any CPU
		{A1EC9BC2-8597-4773-9512-9126611C4872}.Release|Win32.ActiveCfg = Release|Any CPU
		{DC6EE286-45A5-4C4A-A4E0-6F6AC3FE801C}.Debug|Any CPU.ActiveCfg = Debug|Any CPU
		{DC6EE286-45A5-4C4A-A4E0-6F6AC3FE801C}.Debug|Any CPU.Build.0 = Debug|Any CPU
		{DC6EE286-45A5-4C4A-A4E0-6F6AC3FE801C}.Debug|Mixed Platforms.ActiveCfg = Debug|Any CPU
		{DC6EE286-45A5-4C4A-A4E0-6F6AC3FE801C}.Debug|Mixed Platforms.Build.0 = Debug|Any CPU
		{DC6EE286-45A5-4C4A-A4E0-6F6AC3FE801C}.Debug|Win32.ActiveCfg = Debug|Any CPU
		{DC6EE286-45A5-4C4A-A4E0-6F6AC3FE801C}.Release|Any CPU.ActiveCfg = Release|Any CPU
		{DC6EE286-45A5-4C4A-A4E0-6F6AC3FE801C}.Release|Any CPU.Build.0 = Release|Any CPU
		{DC6EE286-45A5-4C4A-A4E0-6F6AC3FE801C}.Release|Mixed Platforms.ActiveCfg = Release|Any CPU
		{DC6EE286-45A5-4C4A-A4E0-6F6AC3FE801C}.Release|Mixed Platforms.Build.0 = Release|Any CPU
		{DC6EE286-45A5-4C4A-A4E0-6F6AC3FE801C}.Release|Win32.ActiveCfg = Release|Any CPU
	EndGlobalSection
	GlobalSection(SolutionProperties) = preSolution
		HideSolutionNode = FALSE
	EndGlobalSection
	GlobalSection(NestedProjects) = preSolution
		{080F289E-5B25-4A3D-90B6-ACF12DA1D6D1} = {4E99CCEB-AD73-4A73-AA5B-544FDFE3932E}
		{2F3D7D88-A51F-4C2B-A4A8-4B23E2A96F00} = {4E99CCEB-AD73-4A73-AA5B-544FDFE3932E}
		{91FBD9BC-72ED-4512-93D5-4511E938AD76} = {080F289E-5B25-4A3D-90B6-ACF12DA1D6D1}
		{9AE28CA2-2FCB-445B-82DE-9920824EB6D1} = {2D6A22A0-C3CD-41B1-A636-0DAA5BDE2A87}
		{2163D8FB-265A-4487-A512-9B295896EF1A} = {4E99CCEB-AD73-4A73-AA5B-544FDFE3932E}
		{02346471-CE95-4C4E-9616-37978A6667C1} = {9AE28CA2-2FCB-445B-82DE-9920824EB6D1}
		{F43F585C-5C47-4A9C-9DA5-5BC8522C5572} = {9AE28CA2-2FCB-445B-82DE-9920824EB6D1}
		{0709EDE6-1CCB-44A1-8F80-4E2C85C2320E} = {5CD6704F-00D3-472F-B239-CF2904844B46}
		{B160F390-1396-4F2A-9A8E-96B7920408CD} = {5CD6704F-00D3-472F-B239-CF2904844B46}
		{9442DB49-5926-45FE-AA55-4D6C0CAFB8FC} = {3DC53C3D-A56D-4F91-8AA1-271A64ABDDAB}
		{1492E83B-D25C-4A04-B33C-2D7138880F34} = {4A7AEE39-0586-4430-B3EE-AB9B542E8570}
		{57D7D8F0-3521-469D-96AC-596675E7CB11} = {2F3D7D88-A51F-4C2B-A4A8-4B23E2A96F00}
		{49B28E79-2C82-4B6E-A9A9-C4ED7BFE7CC0} = {2163D8FB-265A-4487-A512-9B295896EF1A}
		{A9AAB6C6-904C-4206-860F-A8439E9AFE94} = {2F3D7D88-A51F-4C2B-A4A8-4B23E2A96F00}
		{9B354A55-2EBE-4D54-9F1F-A2ACEA4C68F3} = {4A7AEE39-0586-4430-B3EE-AB9B542E8570}
		{8BBB2C28-E01C-445A-AA37-43D2ECCE01BE} = {3DC53C3D-A56D-4F91-8AA1-271A64ABDDAB}
		{F8C2D2F3-3AC4-4B70-9E9A-BB960B84B69D} = {2D6A22A0-C3CD-41B1-A636-0DAA5BDE2A87}
		{8A6FDCC3-874E-4423-935D-BC1BDDF8688D} = {17E05D83-5C93-42B3-A84E-3B88C135DB47}
		{A9ADCF47-26B3-4D42-9FE8-8D10E7665342} = {17E05D83-5C93-42B3-A84E-3B88C135DB47}
		{553CA424-EE2A-400C-AB54-8087A04F82BF} = {91FBD9BC-72ED-4512-93D5-4511E938AD76}
		{80055F45-B702-4661-B375-7485DD51B067} = {0B0D3A4C-DCD4-48C8-9413-698654BED5D0}
		{F3A09318-4FEC-4259-AACC-FFA7A6AA945D} = {17E05D83-5C93-42B3-A84E-3B88C135DB47}
		{A1EC9BC2-8597-4773-9512-9126611C4872} = {17E05D83-5C93-42B3-A84E-3B88C135DB47}
		{DC6EE286-45A5-4C4A-A4E0-6F6AC3FE801C} = {2D6A22A0-C3CD-41B1-A636-0DAA5BDE2A87}
	EndGlobalSection
EndGlobal
